# Pinned dependency snapshot for this repo, captured 2026-09-26 on win32 /
# CPython 3.13.15 (the W0 baseline environment). Install with:
# pip install -r requirements.lock
# Packages already installed are pinned with ==; packages marked NOT INSTALLED
# were absent from the environment, so the floor from requirements.txt is kept
# (no new packages were installed to produce this file).

# Core requirements
numpy==2.4.6
pandas==3.0.3
networkx==3.7
# Added for W9 CI: networkx drawing layouts used by the visualization
# tests need scipy (missing from the original capture; pinned from the
# same win32 / CPython 3.13.15 environment).
scipy==1.18.1
matplotlib==3.11.0
# NOT INSTALLED in the capture environment; floor kept from requirements.txt.
seaborn>=0.11.0

# Visualization requirements
# NOT INSTALLED in the capture environment; floors kept from requirements.txt.
dash>=2.0.0
dash-bootstrap-components>=1.0.0
plotly>=5.0.0
flask>=2.0.0

# Interactive mode requirements
# NOT INSTALLED in the capture environment; floor kept from requirements.txt.
pygame>=2.1.0,<3.0.0

# Type checking and development
typing-extensions==4.15.0
# NOT INSTALLED in the capture environment; floors kept from requirements.txt.
mypy>=0.990
pytest==9.0.3
black==26.3.1
isort>=5.10.0
